
Microsoft Visual Studio Solution File, Format Version 12.00
# Visual Studio 14
VisualStudioVersion = 14.0.25420.1
MinimumVisualStudioVersion = 10.0.40219.1
Project("{FAE04EC0-301F-11D3-BF4B-00C04F79EFBC}") = "Filmler.BLL", "Filmler.BLL\Filmler.BLL.csproj", "{63F2A6B9-D758-48D6-9E71-4C3784BA3EF2}"
EndProject
Project("{FAE04EC0-301F-11D3-BF4B-00C04F79EFBC}") = "Filmler.DAL", "Filmler.DAL\Filmler.DAL.csproj", "{B33EE5AC-1B71-486E-AD46-9801BC9FD001}"
EndProject
Project("{FAE04EC0-301F-11D3-BF4B-00C04F79EFBC}") = "Filmlerr.UI", "Filmlerr.UI\Filmlerr.UI.csproj", "{A01C6AB6-EF16-4454-99DE-919D6D425A87}"
EndProject
Global
	GlobalSection(SolutionConfigurationPlatforms) = preSolution
		Debug|Any CPU = Debug|Any CPU
		Release|Any CPU = Release|Any CPU
	EndGlobalSection
	GlobalSection(ProjectConfigurationPlatforms) = postSolution
		{63F2A6B9-D758-48D6-9E71-4C3784BA3EF2}.Debug|Any CPU.ActiveCfg = Debug|Any CPU
		{63F2A6B9-D758-48D6-9E71-4C3784BA3EF2}.Debug|Any CPU.Build.0 = Debug|Any CPU
		{63F2A6B9-D758-48D6-9E71-4C3784BA3EF2}.Release|Any CPU.ActiveCfg = Release|Any CPU
		{63F2A6B9-D758-48D6-9E71-4C3784BA3EF2}.Release|Any CPU.Build.0 = Release|Any CPU
		{B33EE5AC-1B71-486E-AD46-9801BC9FD001}.Debug|Any CPU.ActiveCfg = Debug|Any CPU
		{B33EE5AC-1B71-486E-AD46-9801BC9FD001}.Debug|Any CPU.Build.0 = Debug|Any CPU
		{B33EE5AC-1B71-486E-AD46-9801BC9FD001}.Release|Any CPU.ActiveCfg = Release|Any CPU
		{B33EE5AC-1B71-486E-AD46-9801BC9FD001}.Release|Any CPU.Build.0 = Release|Any CPU
		{A01C6AB6-EF16-4454-99DE-919D6D425A87}.Debug|Any CPU.ActiveCfg = Debug|Any CPU
		{A01C6AB6-EF16-4454-99DE-919D6D425A87}.Debug|Any CPU.Build.0 = Debug|Any CPU
		{A01C6AB6-EF16-4454-99DE-919D6D425A87}.Release|Any CPU.ActiveCfg = Release|Any CPU
		{A01C6AB6-EF16-4454-99DE-919D6D425A87}.Release|Any CPU.Build.0 = Release|Any CPU
	EndGlobalSection
	GlobalSection(SolutionProperties) = preSolution
		HideSolutionNode = FALSE
	EndGlobalSection
EndGlobal
