
Microsoft Visual Studio Solution File, Format Version 12.00
# Visual Studio 14
VisualStudioVersion = 14.0.25420.1
MinimumVisualStudioVersion = 10.0.40219.1
Project("{FAE04EC0-301F-11D3-BF4B-00C04F79EFBC}") = "gun25-09-17-WebAPI", "gun25-09-17-WebAPI\gun25-09-17-WebAPI.csproj", "{BC01B273-83D1-49D0-B278-DB994B7D80BC}"
EndProject
Global
	GlobalSection(SolutionConfigurationPlatforms) = preSolution
		Debug|Any CPU = Debug|Any CPU
		Release|Any CPU = Release|Any CPU
	EndGlobalSection
	GlobalSection(ProjectConfigurationPlatforms) = postSolution
		{BC01B273-83D1-49D0-B278-DB994B7D80BC}.Debug|Any CPU.ActiveCfg = Debug|Any CPU
		{BC01B273-83D1-49D0-B278-DB994B7D80BC}.Debug|Any CPU.Build.0 = Debug|Any CPU
		{BC01B273-83D1-49D0-B278-DB994B7D80BC}.Release|Any CPU.ActiveCfg = Release|Any CPU
		{BC01B273-83D1-49D0-B278-DB994B7D80BC}.Release|Any CPU.Build.0 = Release|Any CPU
	EndGlobalSection
	GlobalSection(SolutionProperties) = preSolution
		HideSolutionNode = FALSE
	EndGlobalSection
EndGlobal
