
Microsoft Visual Studio Solution File, Format Version 12.00
# Visual Studio 14
VisualStudioVersion = 14.0.25420.1
MinimumVisualStudioVersion = 10.0.40219.1
Project("{FAE04EC0-301F-11D3-BF4B-00C04F79EFBC}") = "Gun11", "Gun11\Gun11.csproj", "{DE981E10-9F07-4043-B1C0-0DF7D6BEC983}"
EndProject
Global
	GlobalSection(SolutionConfigurationPlatforms) = preSolution
		Debug|Any CPU = Debug|Any CPU
		Release|Any CPU = Release|Any CPU
	EndGlobalSection
	GlobalSection(ProjectConfigurationPlatforms) = postSolution
		{DE981E10-9F07-4043-B1C0-0DF7D6BEC983}.Debug|Any CPU.ActiveCfg = Debug|Any CPU
		{DE981E10-9F07-4043-B1C0-0DF7D6BEC983}.Debug|Any CPU.Build.0 = Debug|Any CPU
		{DE981E10-9F07-4043-B1C0-0DF7D6BEC983}.Release|Any CPU.ActiveCfg = Release|Any CPU
		{DE981E10-9F07-4043-B1C0-0DF7D6BEC983}.Release|Any CPU.Build.0 = Release|Any CPU
	EndGlobalSection
	GlobalSection(SolutionProperties) = preSolution
		HideSolutionNode = FALSE
	EndGlobalSection
EndGlobal
