
Microsoft Visual Studio Solution File, Format Version 12.00
# Visual Studio 14
VisualStudioVersion = 14.0.25420.1
MinimumVisualStudioVersion = 10.0.40219.1
Project("{FAE04EC0-301F-11D3-BF4B-00C04F79EFBC}") = "Reflection.BLL", "Reflection.BLL\Reflection.BLL.csproj", "{046E462F-9AAE-4B6B-9258-EDC4E10AA96C}"
EndProject
Project("{FAE04EC0-301F-11D3-BF4B-00C04F79EFBC}") = "Reflection.DAL", "Reflection.DAL\Reflection.DAL.csproj", "{1555DCB2-262E-4B06-B0C5-249C888397B5}"
EndProject
Project("{FAE04EC0-301F-11D3-BF4B-00C04F79EFBC}") = "Reflection.UI", "Reflection.UI\Reflection.UI.csproj", "{321CA64F-5ED4-4633-B487-F39DE9210CEC}"
EndProject
Global
	GlobalSection(SolutionConfigurationPlatforms) = preSolution
		Debug|Any CPU = Debug|Any CPU
		Release|Any CPU = Release|Any CPU
	EndGlobalSection
	GlobalSection(ProjectConfigurationPlatforms) = postSolution
		{046E462F-9AAE-4B6B-9258-EDC4E10AA96C}.Debug|Any CPU.ActiveCfg = Debug|Any CPU
		{046E462F-9AAE-4B6B-9258-EDC4E10AA96C}.Debug|Any CPU.Build.0 = Debug|Any CPU
		{046E462F-9AAE-4B6B-9258-EDC4E10AA96C}.Release|Any CPU.ActiveCfg = Release|Any CPU
		{046E462F-9AAE-4B6B-9258-EDC4E10AA96C}.Release|Any CPU.Build.0 = Release|Any CPU
		{1555DCB2-262E-4B06-B0C5-249C888397B5}.Debug|Any CPU.ActiveCfg = Debug|Any CPU
		{1555DCB2-262E-4B06-B0C5-249C888397B5}.Debug|Any CPU.Build.0 = Debug|Any CPU
		{1555DCB2-262E-4B06-B0C5-249C888397B5}.Release|Any CPU.ActiveCfg = Release|Any CPU
		{1555DCB2-262E-4B06-B0C5-249C888397B5}.Release|Any CPU.Build.0 = Release|Any CPU
		{321CA64F-5ED4-4633-B487-F39DE9210CEC}.Debug|Any CPU.ActiveCfg = Debug|Any CPU
		{321CA64F-5ED4-4633-B487-F39DE9210CEC}.Debug|Any CPU.Build.0 = Debug|Any CPU
		{321CA64F-5ED4-4633-B487-F39DE9210CEC}.Release|Any CPU.ActiveCfg = Release|Any CPU
		{321CA64F-5ED4-4633-B487-F39DE9210CEC}.Release|Any CPU.Build.0 = Release|Any CPU
	EndGlobalSection
	GlobalSection(SolutionProperties) = preSolution
		HideSolutionNode = FALSE
	EndGlobalSection
EndGlobal
