
Microsoft Visual Studio Solution File, Format Version 12.00
# Visual Studio 14
VisualStudioVersion = 14.0.25420.1
MinimumVisualStudioVersion = 10.0.40219.1
Project("{FAE04EC0-301F-11D3-BF4B-00C04F79EFBC}") = "FilmlerKatmanli.BLL", "FilmlerKatmanli.BLL\FilmlerKatmanli.BLL.csproj", "{FA705203-0952-4A18-94F8-760B9DA7A2FB}"
EndProject
Project("{FAE04EC0-301F-11D3-BF4B-00C04F79EFBC}") = "FilmlerKatmanli.DAL", "FilmlerKatmanli.DAL\FilmlerKatmanli.DAL.csproj", "{378FBBB1-2834-4A3B-9984-1CB7617CD724}"
EndProject
Project("{FAE04EC0-301F-11D3-BF4B-00C04F79EFBC}") = "FilmlerKatmanli.DTO", "FilmlerKatmanli.DTO\FilmlerKatmanli.DTO.csproj", "{DB360E84-1FF4-49E3-B672-859A51975F9E}"
EndProject
Project("{FAE04EC0-301F-11D3-BF4B-00C04F79EFBC}") = "FilmlerKatmanli.UI", "FilmlerKatmanli.UI\FilmlerKatmanli.UI.csproj", "{94493EAF-5313-45DD-B353-02375AFE164B}"
EndProject
Global
	GlobalSection(SolutionConfigurationPlatforms) = preSolution
		Debug|Any CPU = Debug|Any CPU
		Release|Any CPU = Release|Any CPU
	EndGlobalSection
	GlobalSection(ProjectConfigurationPlatforms) = postSolution
		{FA705203-0952-4A18-94F8-760B9DA7A2FB}.Debug|Any CPU.ActiveCfg = Debug|Any CPU
		{FA705203-0952-4A18-94F8-760B9DA7A2FB}.Debug|Any CPU.Build.0 = Debug|Any CPU
		{FA705203-0952-4A18-94F8-760B9DA7A2FB}.Release|Any CPU.ActiveCfg = Release|Any CPU
		{FA705203-0952-4A18-94F8-760B9DA7A2FB}.Release|Any CPU.Build.0 = Release|Any CPU
		{378FBBB1-2834-4A3B-9984-1CB7617CD724}.Debug|Any CPU.ActiveCfg = Debug|Any CPU
		{378FBBB1-2834-4A3B-9984-1CB7617CD724}.Debug|Any CPU.Build.0 = Debug|Any CPU
		{378FBBB1-2834-4A3B-9984-1CB7617CD724}.Release|Any CPU.ActiveCfg = Release|Any CPU
		{378FBBB1-2834-4A3B-9984-1CB7617CD724}.Release|Any CPU.Build.0 = Release|Any CPU
		{DB360E84-1FF4-49E3-B672-859A51975F9E}.Debug|Any CPU.ActiveCfg = Debug|Any CPU
		{DB360E84-1FF4-49E3-B672-859A51975F9E}.Debug|Any CPU.Build.0 = Debug|Any CPU
		{DB360E84-1FF4-49E3-B672-859A51975F9E}.Release|Any CPU.ActiveCfg = Release|Any CPU
		{DB360E84-1FF4-49E3-B672-859A51975F9E}.Release|Any CPU.Build.0 = Release|Any CPU
		{94493EAF-5313-45DD-B353-02375AFE164B}.Debug|Any CPU.ActiveCfg = Debug|Any CPU
		{94493EAF-5313-45DD-B353-02375AFE164B}.Debug|Any CPU.Build.0 = Debug|Any CPU
		{94493EAF-5313-45DD-B353-02375AFE164B}.Release|Any CPU.ActiveCfg = Release|Any CPU
		{94493EAF-5313-45DD-B353-02375AFE164B}.Release|Any CPU.Build.0 = Release|Any CPU
	EndGlobalSection
	GlobalSection(SolutionProperties) = preSolution
		HideSolutionNode = FALSE
	EndGlobalSection
EndGlobal
